
Microsoft Visual Studio Solution File, Format Version 12.00
# Visual Studio 15
VisualStudioVersion = 15.0.28307.1267
MinimumVisualStudioVersion = 10.0.40219.1
Project("{FAE04EC0-301F-11D3-BF4B-00C04F79EFBC}") = "SimpleWorkflow", "SimpleWorkflow\SimpleWorkflow.csproj", "{D459C447-A068-4C64-A721-E84BBE7C232D}"
EndProject
Project("{FAE04EC0-301F-11D3-BF4B-00C04F79EFBC}") = "SimpleWorkflow.Test", "SimpleWorkflow.Test\SimpleWorkflow.Test.csproj", "{D0A6260D-1180-4A7F-9FD2-F84AFE43CF5B}"
EndProject
Global
	GlobalSection(SolutionConfigurationPlatforms) = preSolution
		Debug|Any CPU = Debug|Any CPU
		Release|Any CPU = Release|Any CPU
	EndGlobalSection
	GlobalSection(ProjectConfigurationPlatforms) = postSolution
		{D459C447-A068-4C64-A721-E84BBE7C232D}.Debug|Any CPU.ActiveCfg = Debug|Any CPU
		{D459C447-A068-4C64-A721-E84BBE7C232D}.Debug|Any CPU.Build.0 = Debug|Any CPU
		{D459C447-A068-4C64-A721-E84BBE7C232D}.Release|Any CPU.ActiveCfg = Release|Any CPU
		{D459C447-A068-4C64-A721-E84BBE7C232D}.Release|Any CPU.Build.0 = Release|Any CPU
		{D0A6260D-1180-4A7F-9FD2-F84AFE43CF5B}.Debug|Any CPU.ActiveCfg = Debug|Any CPU
		{D0A6260D-1180-4A7F-9FD2-F84AFE43CF5B}.Debug|Any CPU.Build.0 = Debug|Any CPU
		{D0A6260D-1180-4A7F-9FD2-F84AFE43CF5B}.Release|Any CPU.ActiveCfg = Release|Any CPU
		{D0A6260D-1180-4A7F-9FD2-F84AFE43CF5B}.Release|Any CPU.Build.0 = Release|Any CPU
	EndGlobalSection
	GlobalSection(SolutionProperties) = preSolution
		HideSolutionNode = FALSE
	EndGlobalSection
	GlobalSection(ExtensibilityGlobals) = postSolution
		SolutionGuid = {CB14AF32-9E55-4CFF-A130-7971FED2D83B}
	EndGlobalSection
EndGlobal
